
Microsoft Visual Studio Solution File, Format Version 12.00
# Visual Studio Version 16
VisualStudioVersion = 16.0.31624.102
MinimumVisualStudioVersion = 10.0.40219.1
Project("{FAE04EC0-301F-11D3-BF4B-00C04F79EFBC}") = "Lab 5", "Lab 5\Lab 5.csproj", "{9C53A54F-4471-4655-8423-D92ACE4983ED}"
EndProject
Global
	GlobalSection(SolutionConfigurationPlatforms) = preSolution
		Debug|Any CPU = Debug|Any CPU
		Release|Any CPU = Release|Any CPU
	EndGlobalSection
	GlobalSection(ProjectConfigurationPlatforms) = postSolution
		{9C53A54F-4471-4655-8423-D92ACE4983ED}.Debug|Any CPU.ActiveCfg = Debug|Any CPU
		{9C53A54F-4471-4655-8423-D92ACE4983ED}.Debug|Any CPU.Build.0 = Debug|Any CPU
		{9C53A54F-4471-4655-8423-D92ACE4983ED}.Release|Any CPU.ActiveCfg = Release|Any CPU
		{9C53A54F-4471-4655-8423-D92ACE4983ED}.Release|Any CPU.Build.0 = Release|Any CPU
	EndGlobalSection
	GlobalSection(SolutionProperties) = preSolution
		HideSolutionNode = FALSE
	EndGlobalSection
	GlobalSection(ExtensibilityGlobals) = postSolution
		SolutionGuid = {0E442048-CE0C-488E-9EBE-CFBAD4A4CBC8}
	EndGlobalSection
EndGlobal
